
Microsoft Visual Studio Solution File, Format Version 12.00
# Visual Studio Version 17
VisualStudioVersion = 17.4.33205.214
MinimumVisualStudioVersion = 10.0.40219.1
Project("{FAE04EC0-301F-11D3-BF4B-00C04F79EFBC}") = "ConsoleApp36", "ConsoleApp36\ConsoleApp36.csproj", "{BF89FD1E-6EB0-4BC1-A564-1476285C23FD}"
EndProject
Global
	GlobalSection(SolutionConfigurationPlatforms) = preSolution
		Debug|Any CPU = Debug|Any CPU
		Release|Any CPU = Release|Any CPU
	EndGlobalSection
	GlobalSection(ProjectConfigurationPlatforms) = postSolution
		{BF89FD1E-6EB0-4BC1-A564-1476285C23FD}.Debug|Any CPU.ActiveCfg = Debug|Any CPU
		{BF89FD1E-6EB0-4BC1-A564-1476285C23FD}.Debug|Any CPU.Build.0 = Debug|Any CPU
		{BF89FD1E-6EB0-4BC1-A564-1476285C23FD}.Release|Any CPU.ActiveCfg = Release|Any CPU
		{BF89FD1E-6EB0-4BC1-A564-1476285C23FD}.Release|Any CPU.Build.0 = Release|Any CPU
	EndGlobalSection
	GlobalSection(SolutionProperties) = preSolution
		HideSolutionNode = FALSE
	EndGlobalSection
	GlobalSection(ExtensibilityGlobals) = postSolution
		SolutionGuid = {1FAA0CE3-994A-4D5E-B568-259BFC258FB9}
	EndGlobalSection
EndGlobal
